
Microsoft Visual Studio Solution File, Format Version 12.00
# Visual Studio Express 2012 for Windows Desktop
Project("{FAE04EC0-301F-11D3-BF4B-00C04F79EFBC}") = "FSF Launcher ARMA 3", "FSF Launcher ARMA3\FSF Launcher ARMA3.csproj", "{44FB0700-F025-42A4-82E0-A2A58CDE90F4}"
EndProject
Global
	GlobalSection(TeamFoundationVersionControl) = preSolution
		SccNumberOfProjects = 2
		SccEnterpriseProvider = {4CA58AB2-18FA-4F8D-95D4-32DDF27D184C}
		SccTeamFoundationServer = https://clanfsf.visualstudio.com/defaultcollection
		SccLocalPath0 = .
		SccProjectUniqueName1 = FSFLaucher\\FSF\u0020Launcher.csproj
		SccProjectName1 = FSFLaucher
		SccLocalPath1 = FSFLaucher
	EndGlobalSection
	GlobalSection(SolutionConfigurationPlatforms) = preSolution
		Debug|x86 = Debug|x86
		Release|x86 = Release|x86
	EndGlobalSection
	GlobalSection(ProjectConfigurationPlatforms) = postSolution
		{44FB0700-F025-42A4-82E0-A2A58CDE90F4}.Debug|x86.ActiveCfg = Debug|x86
		{44FB0700-F025-42A4-82E0-A2A58CDE90F4}.Debug|x86.Build.0 = Debug|x86
		{44FB0700-F025-42A4-82E0-A2A58CDE90F4}.Release|x86.ActiveCfg = Release|x86
		{44FB0700-F025-42A4-82E0-A2A58CDE90F4}.Release|x86.Build.0 = Release|x86
	EndGlobalSection
	GlobalSection(SolutionProperties) = preSolution
		HideSolutionNode = FALSE
	EndGlobalSection
EndGlobal
